
Microsoft Visual Studio Solution File, Format Version 12.00
# Visual Studio Version 17
VisualStudioVersion = 17.0.31903.59
MinimumVisualStudioVersion = 10.0.40219.1
Project("{2150E333-8FDC-42A3-9474-1A3956D46DE8}") = "src", "src", "{827E0CD3-B72D-47B6-A68D-7590B98EB39B}"
EndProject
Project("{2150E333-8FDC-42A3-9474-1A3956D46DE8}") = "Random", "Random", "{0371B5A6-B885-6B3C-A4B4-EAC08D2B923D}"
EndProject
Project("{FAE04EC0-301F-11D3-BF4B-00C04F79EFBC}") = "PropStruct.Random", "src\Random\PropStruct.Random.csproj", "{302D084C-F3ED-4625-8EC2-1FCE10DF0FB7}"
EndProject
Project("{2150E333-8FDC-42A3-9474-1A3956D46DE8}") = "tests", "tests", "{0AB3BF05-4346-4AA6-1389-037BE0695223}"
EndProject
Project("{2150E333-8FDC-42A3-9474-1A3956D46DE8}") = "Harness", "Harness", "{C7E769CB-2BE9-2587-9A45-EDACB01852C9}"
EndProject
Project("{FAE04EC0-301F-11D3-BF4B-00C04F79EFBC}") = "PropStruct.Tests.Harness", "tests\Harness\PropStruct.Tests.Harness.csproj", "{A72F1268-1BDE-4ED7-A2B6-1C88F9B95738}"
EndProject
Project("{2150E333-8FDC-42A3-9474-1A3956D46DE8}") = "Random.Tests", "Random.Tests", "{E65B1584-EF32-63C8-7659-36C0AA9EB05C}"
EndProject
Project("{FAE04EC0-301F-11D3-BF4B-00C04F79EFBC}") = "PropStruct.Random.Tests", "tests\Random.Tests\PropStruct.Random.Tests.csproj", "{5DF291D4-FF10-48A9-AC0F-5310AC5476D5}"
EndProject
Project("{2150E333-8FDC-42A3-9474-1A3956D46DE8}") = "Harness.Tests", "Harness.Tests", "{9FF866DB-BAD7-464C-A56C-08E7597D45C9}"
EndProject
Project("{FAE04EC0-301F-11D3-BF4B-00C04F79EFBC}") = "PropStruct.Tests.Harness.Tests", "tests\Harness.Tests\PropStruct.Tests.Harness.Tests.csproj", "{DB8BAA58-4DDF-4798-BA60-3F843BDB9FF7}"
EndProject
Project("{2150E333-8FDC-42A3-9474-1A3956D46DE8}") = "Fixtures.Tests", "Fixtures.Tests", "{51C8D0F3-ED88-4116-BAE5-81B76E306383}"
EndProject
Project("{FAE04EC0-301F-11D3-BF4B-00C04F79EFBC}") = "PropStruct.Fixtures.Tests", "tests\Fixtures.Tests\PropStruct.Fixtures.Tests.csproj", "{B8F6C007-A36B-44E0-A2E9-F3317C6D8A6F}"
EndProject
Project("{2150E333-8FDC-42A3-9474-1A3956D46DE8}") = "Input", "Input", "{91766C11-CD66-1824-24BA-621481291DCD}"
EndProject
Project("{FAE04EC0-301F-11D3-BF4B-00C04F79EFBC}") = "PropStruct.Input", "src\Input\PropStruct.Input.csproj", "{F1E547F7-22EC-4C5D-9A52-F7E907A0E4A2}"
EndProject
Project("{2150E333-8FDC-42A3-9474-1A3956D46DE8}") = "Input.Tests", "Input.Tests", "{D1CFE296-DED7-DA51-9162-0952BD213D14}"
EndProject
Project("{FAE04EC0-301F-11D3-BF4B-00C04F79EFBC}") = "PropStruct.Input.Tests", "tests\Input.Tests\PropStruct.Input.Tests.csproj", "{CD830E68-CF0C-4B8E-903E-268B1D0F0D1D}"
EndProject
Project("{2150E333-8FDC-42A3-9474-1A3956D46DE8}") = "Particle", "Particle", "{CC046DA9-9912-34FD-339F-791591FAFE11}"
EndProject
Project("{FAE04EC0-301F-11D3-BF4B-00C04F79EFBC}") = "PropStruct.Particle", "src\Particle\PropStruct.Particle.csproj", "{EB8956E9-FBF0-4090-AD66-18DF7B323D53}"
EndProject
Project("{2150E333-8FDC-42A3-9474-1A3956D46DE8}") = "Particle.Tests", "Particle.Tests", "{6F2939AB-C0C2-68C1-9E78-20613DE4461E}"
EndProject
Project("{FAE04EC0-301F-11D3-BF4B-00C04F79EFBC}") = "PropStruct.Particle.Tests", "tests\Particle.Tests\PropStruct.Particle.Tests.csproj", "{6D2021BC-8D30-4FE4-885C-64CEF7383B36}"
EndProject
Project("{FAE04EC0-301F-11D3-BF4B-00C04F79EFBC}") = "PropStruct.Statistics", "src\Statistics\PropStruct.Statistics.csproj", "{E86E7BA8-08DB-47FC-958A-DC9C349A86B8}"
EndProject
Project("{FAE04EC0-301F-11D3-BF4B-00C04F79EFBC}") = "PropStruct.Statistics.Tests", "tests\Statistics.Tests\PropStruct.Statistics.Tests.csproj", "{A058786B-41F2-4C4E-AE6B-8410B277BD07}"
EndProject
Project("{FAE04EC0-301F-11D3-BF4B-00C04F79EFBC}") = "PropStruct.Execution", "src\Execution\PropStruct.Execution.csproj", "{0AEAAE2F-083E-427E-B267-62D64EC5F6EE}"
EndProject
Project("{FAE04EC0-301F-11D3-BF4B-00C04F79EFBC}") = "PropStruct.Execution.Tests", "tests\Execution.Tests\PropStruct.Execution.Tests.csproj", "{D030100B-7A8E-441D-B00F-438ABB49D9E2}"
EndProject
Project("{2150E333-8FDC-42A3-9474-1A3956D46DE8}") = "Simulation", "Simulation", "{D6604CE9-0C60-BF10-AEE0-778E201B8B08}"
EndProject
Project("{FAE04EC0-301F-11D3-BF4B-00C04F79EFBC}") = "PropStruct.Simulation", "src\Simulation\PropStruct.Simulation.csproj", "{C12C226D-4566-4EEC-9959-540D5F517AB2}"
EndProject
Project("{2150E333-8FDC-42A3-9474-1A3956D46DE8}") = "Statistics", "Statistics", "{0CEB326C-1781-D986-2E1D-A56D45A6A378}"
EndProject
Project("{2150E333-8FDC-42A3-9474-1A3956D46DE8}") = "Execution", "Execution", "{EC0AE37B-42FE-3786-533F-760669F80219}"
EndProject
Project("{2150E333-8FDC-42A3-9474-1A3956D46DE8}") = "Simulation.Tests", "Simulation.Tests", "{E5F3BAAB-3273-16D4-B92F-C83B923D1772}"
EndProject
Project("{FAE04EC0-301F-11D3-BF4B-00C04F79EFBC}") = "PropStruct.Simulation.Tests", "tests\Simulation.Tests\PropStruct.Simulation.Tests.csproj", "{CD1CD93A-E663-4A49-9D1A-C3F246FF7A59}"
EndProject
Project("{FAE04EC0-301F-11D3-BF4B-00C04F79EFBC}") = "PropStruct.Output", "src\Output\PropStruct.Output.csproj", "{9621F583-CC67-4059-AED3-DABE4A1438E6}"
EndProject
Project("{FAE04EC0-301F-11D3-BF4B-00C04F79EFBC}") = "PropStruct.Output.Tests", "tests\Output.Tests\PropStruct.Output.Tests.csproj", "{E545B9A4-428C-418F-8B73-AC4A98FD4997}"
EndProject
Project("{FAE04EC0-301F-11D3-BF4B-00C04F79EFBC}") = "PropStruct.Cli", "src\Cli\PropStruct.Cli.csproj", "{D9C32D42-AA18-44BF-B9B4-2B5E7D4F8904}"
EndProject
Project("{FAE04EC0-301F-11D3-BF4B-00C04F79EFBC}") = "PropStruct.Cli.Tests", "tests\Cli.Tests\PropStruct.Cli.Tests.csproj", "{7A438BFA-5F0F-4C43-8AF3-05414F14AF67}"
EndProject
Project("{2150E333-8FDC-42A3-9474-1A3956D46DE8}") = "Protocol.Tests", "Protocol.Tests", "{FC2E5359-CDB3-770B-817D-733BFE2A8445}"
EndProject
Project("{FAE04EC0-301F-11D3-BF4B-00C04F79EFBC}") = "PropStruct.Protocol.Tests", "tests\Protocol.Tests\PropStruct.Protocol.Tests.csproj", "{0A7C077D-0843-4D94-8FB0-84AAC041DEF5}"
EndProject
Project("{2150E333-8FDC-42A3-9474-1A3956D46DE8}") = "Cli", "Cli", "{778427DF-EB2C-5228-964E-6D535DE253CA}"
EndProject
Project("{2150E333-8FDC-42A3-9474-1A3956D46DE8}") = "Output", "Output", "{8D9F28D9-347B-575A-2CFA-4704041EA9C2}"
EndProject
Project("{2150E333-8FDC-42A3-9474-1A3956D46DE8}") = "Cli.Tests", "Cli.Tests", "{81F775C6-30B7-0CD0-D0B6-8D305DDA61B2}"
EndProject
Project("{2150E333-8FDC-42A3-9474-1A3956D46DE8}") = "Execution.Tests", "Execution.Tests", "{13055E78-F142-F3CA-87BE-B5BA74CE81C6}"
EndProject
Project("{2150E333-8FDC-42A3-9474-1A3956D46DE8}") = "Output.Tests", "Output.Tests", "{0B812A3B-3FEC-7BCC-497B-D8032189E326}"
EndProject
Project("{2150E333-8FDC-42A3-9474-1A3956D46DE8}") = "Statistics.Tests", "Statistics.Tests", "{9CE5D985-A9D4-6209-D273-0BD067A5FDB2}"
EndProject
Project("{FAE04EC0-301F-11D3-BF4B-00C04F79EFBC}") = "PropStruct.Benchmarks", "tests\Benchmarks\PropStruct.Benchmarks.csproj", "{FEF8F547-F9D1-44E4-9D96-144CBE072860}"
EndProject
Project("{2150E333-8FDC-42A3-9474-1A3956D46DE8}") = "Benchmarks", "Benchmarks", "{7605D696-EC5D-46E5-91E3-789CE864A1AE}"
EndProject
Project("{FAE04EC0-301F-11D3-BF4B-00C04F79EFBC}") = "PropStruct.RateTableTool", "tests\RateTableTool\PropStruct.RateTableTool.csproj", "{06EB1601-3768-4BCE-852C-E6EAB3C38E4E}"
EndProject
Project("{FAE04EC0-301F-11D3-BF4B-00C04F79EFBC}") = "PropStruct.DispersionTool", "tests\DispersionTool\PropStruct.DispersionTool.csproj", "{4B80F4B5-F796-41F2-AD18-D708DB5CE57F}"
EndProject
Project("{2150E333-8FDC-42A3-9474-1A3956D46DE8}") = "samples", "samples", "{5D20AA90-6969-D8BD-9DCD-8634F4692FDA}"
EndProject
Project("{FAE04EC0-301F-11D3-BF4B-00C04F79EFBC}") = "PropStruct.Quickstart", "samples\Quickstart\PropStruct.Quickstart.csproj", "{B718D7A9-E071-4C2B-8C8D-378904729CD3}"
EndProject
Global
	GlobalSection(SolutionConfigurationPlatforms) = preSolution
		Debug|Any CPU = Debug|Any CPU
		Debug|x64 = Debug|x64
		Debug|x86 = Debug|x86
		Release|Any CPU = Release|Any CPU
		Release|x64 = Release|x64
		Release|x86 = Release|x86
	EndGlobalSection
	GlobalSection(ProjectConfigurationPlatforms) = postSolution
		{302D084C-F3ED-4625-8EC2-1FCE10DF0FB7}.Debug|Any CPU.ActiveCfg = Debug|Any CPU
		{302D084C-F3ED-4625-8EC2-1FCE10DF0FB7}.Debug|Any CPU.Build.0 = Debug|Any CPU
		{302D084C-F3ED-4625-8EC2-1FCE10DF0FB7}.Debug|x64.ActiveCfg = Debug|Any CPU
		{302D084C-F3ED-4625-8EC2-1FCE10DF0FB7}.Debug|x64.Build.0 = Debug|Any CPU
		{302D084C-F3ED-4625-8EC2-1FCE10DF0FB7}.Debug|x86.ActiveCfg = Debug|Any CPU
		{302D084C-F3ED-4625-8EC2-1FCE10DF0FB7}.Debug|x86.Build.0 = Debug|Any CPU
		{302D084C-F3ED-4625-8EC2-1FCE10DF0FB7}.Release|Any CPU.ActiveCfg = Release|Any CPU
		{302D084C-F3ED-4625-8EC2-1FCE10DF0FB7}.Release|Any CPU.Build.0 = Release|Any CPU
		{302D084C-F3ED-4625-8EC2-1FCE10DF0FB7}.Release|x64.ActiveCfg = Release|Any CPU
		{302D084C-F3ED-4625-8EC2-1FCE10DF0FB7}.Release|x64.Build.0 = Release|Any CPU
		{302D084C-F3ED-4625-8EC2-1FCE10DF0FB7}.Release|x86.ActiveCfg = Release|Any CPU
		{302D084C-F3ED-4625-8EC2-1FCE10DF0FB7}.Release|x86.Build.0 = Release|Any CPU
		{A72F1268-1BDE-4ED7-A2B6-1C88F9B95738}.Debug|Any CPU.ActiveCfg = Debug|Any CPU
		{A72F1268-1BDE-4ED7-A2B6-1C88F9B95738}.Debug|Any CPU.Build.0 = Debug|Any CPU
		{A72F1268-1BDE-4ED7-A2B6-1C88F9B95738}.Debug|x64.ActiveCfg = Debug|Any CPU
		{A72F1268-1BDE-4ED7-A2B6-1C88F9B95738}.Debug|x64.Build.0 = Debug|Any CPU
		{A72F1268-1BDE-4ED7-A2B6-1C88F9B95738}.Debug|x86.ActiveCfg = Debug|Any CPU
		{A72F1268-1BDE-4ED7-A2B6-1C88F9B95738}.Debug|x86.Build.0 = Debug|Any CPU
		{A72F1268-1BDE-4ED7-A2B6-1C88F9B95738}.Release|Any CPU.ActiveCfg = Release|Any CPU
		{A72F1268-1BDE-4ED7-A2B6-1C88F9B95738}.Release|Any CPU.Build.0 = Release|Any CPU
		{A72F1268-1BDE-4ED7-A2B6-1C88F9B95738}.Release|x64.ActiveCfg = Release|Any CPU
		{A72F1268-1BDE-4ED7-A2B6-1C88F9B95738}.Release|x64.Build.0 = Release|Any CPU
		{A72F1268-1BDE-4ED7-A2B6-1C88F9B95738}.Release|x86.ActiveCfg = Release|Any CPU
		{A72F1268-1BDE-4ED7-A2B6-1C88F9B95738}.Release|x86.Build.0 = Release|Any CPU
		{5DF291D4-FF10-48A9-AC0F-5310AC5476D5}.Debug|Any CPU.ActiveCfg = Debug|Any CPU
		{5DF291D4-FF10-48A9-AC0F-5310AC5476D5}.Debug|Any CPU.Build.0 = Debug|Any CPU
		{5DF291D4-FF10-48A9-AC0F-5310AC5476D5}.Debug|x64.ActiveCfg = Debug|Any CPU
		{5DF291D4-FF10-48A9-AC0F-5310AC5476D5}.Debug|x64.Build.0 = Debug|Any CPU
		{5DF291D4-FF10-48A9-AC0F-5310AC5476D5}.Debug|x86.ActiveCfg = Debug|Any CPU
		{5DF291D4-FF10-48A9-AC0F-5310AC5476D5}.Debug|x86.Build.0 = Debug|Any CPU
		{5DF291D4-FF10-48A9-AC0F-5310AC5476D5}.Release|Any CPU.ActiveCfg = Release|Any CPU
		{5DF291D4-FF10-48A9-AC0F-5310AC5476D5}.Release|Any CPU.Build.0 = Release|Any CPU
		{5DF291D4-FF10-48A9-AC0F-5310AC5476D5}.Release|x64.ActiveCfg = Release|Any CPU
		{5DF291D4-FF10-48A9-AC0F-5310AC5476D5}.Release|x64.Build.0 = Release|Any CPU
		{5DF291D4-FF10-48A9-AC0F-5310AC5476D5}.Release|x86.ActiveCfg = Release|Any CPU
		{5DF291D4-FF10-48A9-AC0F-5310AC5476D5}.Release|x86.Build.0 = Release|Any CPU
		{DB8BAA58-4DDF-4798-BA60-3F843BDB9FF7}.Debug|Any CPU.ActiveCfg = Debug|Any CPU
		{DB8BAA58-4DDF-4798-BA60-3F843BDB9FF7}.Debug|Any CPU.Build.0 = Debug|Any CPU
		{DB8BAA58-4DDF-4798-BA60-3F843BDB9FF7}.Debug|x64.ActiveCfg = Debug|Any CPU
		{DB8BAA58-4DDF-4798-BA60-3F843BDB9FF7}.Debug|x64.Build.0 = Debug|Any CPU
		{DB8BAA58-4DDF-4798-BA60-3F843BDB9FF7}.Debug|x86.ActiveCfg = Debug|Any CPU
		{DB8BAA58-4DDF-4798-BA60-3F843BDB9FF7}.Debug|x86.Build.0 = Debug|Any CPU
		{DB8BAA58-4DDF-4798-BA60-3F843BDB9FF7}.Release|Any CPU.ActiveCfg = Release|Any CPU
		{DB8BAA58-4DDF-4798-BA60-3F843BDB9FF7}.Release|Any CPU.Build.0 = Release|Any CPU
		{DB8BAA58-4DDF-4798-BA60-3F843BDB9FF7}.Release|x64.ActiveCfg = Release|Any CPU
		{DB8BAA58-4DDF-4798-BA60-3F843BDB9FF7}.Release|x64.Build.0 = Release|Any CPU
		{DB8BAA58-4DDF-4798-BA60-3F843BDB9FF7}.Release|x86.ActiveCfg = Release|Any CPU
		{DB8BAA58-4DDF-4798-BA60-3F843BDB9FF7}.Release|x86.Build.0 = Release|Any CPU
		{B8F6C007-A36B-44E0-A2E9-F3317C6D8A6F}.Debug|Any CPU.ActiveCfg = Debug|Any CPU
		{B8F6C007-A36B-44E0-A2E9-F3317C6D8A6F}.Debug|Any CPU.Build.0 = Debug|Any CPU
		{B8F6C007-A36B-44E0-A2E9-F3317C6D8A6F}.Debug|x64.ActiveCfg = Debug|Any CPU
		{B8F6C007-A36B-44E0-A2E9-F3317C6D8A6F}.Debug|x64.Build.0 = Debug|Any CPU
		{B8F6C007-A36B-44E0-A2E9-F3317C6D8A6F}.Debug|x86.ActiveCfg = Debug|Any CPU
		{B8F6C007-A36B-44E0-A2E9-F3317C6D8A6F}.Debug|x86.Build.0 = Debug|Any CPU
		{B8F6C007-A36B-44E0-A2E9-F3317C6D8A6F}.Release|Any CPU.ActiveCfg = Release|Any CPU
		{B8F6C007-A36B-44E0-A2E9-F3317C6D8A6F}.Release|Any CPU.Build.0 = Release|Any CPU
		{B8F6C007-A36B-44E0-A2E9-F3317C6D8A6F}.Release|x64.ActiveCfg = Release|Any CPU
		{B8F6C007-A36B-44E0-A2E9-F3317C6D8A6F}.Release|x64.Build.0 = Release|Any CPU
		{B8F6C007-A36B-44E0-A2E9-F3317C6D8A6F}.Release|x86.ActiveCfg = Release|Any CPU
		{B8F6C007-A36B-44E0-A2E9-F3317C6D8A6F}.Release|x86.Build.0 = Release|Any CPU
		{F1E547F7-22EC-4C5D-9A52-F7E907A0E4A2}.Debug|Any CPU.ActiveCfg = Debug|Any CPU
		{F1E547F7-22EC-4C5D-9A52-F7E907A0E4A2}.Debug|Any CPU.Build.0 = Debug|Any CPU
		{F1E547F7-22EC-4C5D-9A52-F7E907A0E4A2}.Debug|x64.ActiveCfg = Debug|Any CPU
		{F1E547F7-22EC-4C5D-9A52-F7E907A0E4A2}.Debug|x64.Build.0 = Debug|Any CPU
		{F1E547F7-22EC-4C5D-9A52-F7E907A0E4A2}.Debug|x86.ActiveCfg = Debug|Any CPU
		{F1E547F7-22EC-4C5D-9A52-F7E907A0E4A2}.Debug|x86.Build.0 = Debug|Any CPU
		{F1E547F7-22EC-4C5D-9A52-F7E907A0E4A2}.Release|Any CPU.ActiveCfg = Release|Any CPU
		{F1E547F7-22EC-4C5D-9A52-F7E907A0E4A2}.Release|Any CPU.Build.0 = Release|Any CPU
		{F1E547F7-22EC-4C5D-9A52-F7E907A0E4A2}.Release|x64.ActiveCfg = Release|Any CPU
		{F1E547F7-22EC-4C5D-9A52-F7E907A0E4A2}.Release|x64.Build.0 = Release|Any CPU
		{F1E547F7-22EC-4C5D-9A52-F7E907A0E4A2}.Release|x86.ActiveCfg = Release|Any CPU
		{F1E547F7-22EC-4C5D-9A52-F7E907A0E4A2}.Release|x86.Build.0 = Release|Any CPU
		{CD830E68-CF0C-4B8E-903E-268B1D0F0D1D}.Debug|Any CPU.ActiveCfg = Debug|Any CPU
		{CD830E68-CF0C-4B8E-903E-268B1D0F0D1D}.Debug|Any CPU.Build.0 = Debug|Any CPU
		{CD830E68-CF0C-4B8E-903E-268B1D0F0D1D}.Debug|x64.ActiveCfg = Debug|Any CPU
		{CD830E68-CF0C-4B8E-903E-268B1D0F0D1D}.Debug|x64.Build.0 = Debug|Any CPU
		{CD830E68-CF0C-4B8E-903E-268B1D0F0D1D}.Debug|x86.ActiveCfg = Debug|Any CPU
		{CD830E68-CF0C-4B8E-903E-268B1D0F0D1D}.Debug|x86.Build.0 = Debug|Any CPU
		{CD830E68-CF0C-4B8E-903E-268B1D0F0D1D}.Release|Any CPU.ActiveCfg = Release|Any CPU
		{CD830E68-CF0C-4B8E-903E-268B1D0F0D1D}.Release|Any CPU.Build.0 = Release|Any CPU
		{CD830E68-CF0C-4B8E-903E-268B1D0F0D1D}.Release|x64.ActiveCfg = Release|Any CPU
		{CD830E68-CF0C-4B8E-903E-268B1D0F0D1D}.Release|x64.Build.0 = Release|Any CPU
		{CD830E68-CF0C-4B8E-903E-268B1D0F0D1D}.Release|x86.ActiveCfg = Release|Any CPU
		{CD830E68-CF0C-4B8E-903E-268B1D0F0D1D}.Release|x86.Build.0 = Release|Any CPU
		{EB8956E9-FBF0-4090-AD66-18DF7B323D53}.Debug|Any CPU.ActiveCfg = Debug|Any CPU
		{EB8956E9-FBF0-4090-AD66-18DF7B323D53}.Debug|Any CPU.Build.0 = Debug|Any CPU
		{EB8956E9-FBF0-4090-AD66-18DF7B323D53}.Debug|x64.ActiveCfg = Debug|Any CPU
		{EB8956E9-FBF0-4090-AD66-18DF7B323D53}.Debug|x64.Build.0 = Debug|Any CPU
		{EB8956E9-FBF0-4090-AD66-18DF7B323D53}.Debug|x86.ActiveCfg = Debug|Any CPU
		{EB8956E9-FBF0-4090-AD66-18DF7B323D53}.Debug|x86.Build.0 = Debug|Any CPU
		{EB8956E9-FBF0-4090-AD66-18DF7B323D53}.Release|Any CPU.ActiveCfg = Release|Any CPU
		{EB8956E9-FBF0-4090-AD66-18DF7B323D53}.Release|Any CPU.Build.0 = Release|Any CPU
		{EB8956E9-FBF0-4090-AD66-18DF7B323D53}.Release|x64.ActiveCfg = Release|Any CPU
		{EB8956E9-FBF0-4090-AD66-18DF7B323D53}.Release|x64.Build.0 = Release|Any CPU
		{EB8956E9-FBF0-4090-AD66-18DF7B323D53}.Release|x86.ActiveCfg = Release|Any CPU
		{EB8956E9-FBF0-4090-AD66-18DF7B323D53}.Release|x86.Build.0 = Release|Any CPU
		{6D2021BC-8D30-4FE4-885C-64CEF7383B36}.Debug|Any CPU.ActiveCfg = Debug|Any CPU
		{6D2021BC-8D30-4FE4-885C-64CEF7383B36}.Debug|Any CPU.Build.0 = Debug|Any CPU
		{6D2021BC-8D30-4FE4-885C-64CEF7383B36}.Debug|x64.ActiveCfg = Debug|Any CPU
		{6D2021BC-8D30-4FE4-885C-64CEF7383B36}.Debug|x64.Build.0 = Debug|Any CPU
		{6D2021BC-8D30-4FE4-885C-64CEF7383B36}.Debug|x86.ActiveCfg = Debug|Any CPU
		{6D2021BC-8D30-4FE4-885C-64CEF7383B36}.Debug|x86.Build.0 = Debug|Any CPU
		{6D2021BC-8D30-4FE4-885C-64CEF7383B36}.Release|Any CPU.ActiveCfg = Release|Any CPU
		{6D2021BC-8D30-4FE4-885C-64CEF7383B36}.Release|Any CPU.Build.0 = Release|Any CPU
		{6D2021BC-8D30-4FE4-885C-64CEF7383B36}.Release|x64.ActiveCfg = Release|Any CPU
		{6D2021BC-8D30-4FE4-885C-64CEF7383B36}.Release|x64.Build.0 = Release|Any CPU
		{6D2021BC-8D30-4FE4-885C-64CEF7383B36}.Release|x86.ActiveCfg = Release|Any CPU
		{6D2021BC-8D30-4FE4-885C-64CEF7383B36}.Release|x86.Build.0 = Release|Any CPU
		{E86E7BA8-08DB-47FC-958A-DC9C349A86B8}.Debug|Any CPU.ActiveCfg = Debug|Any CPU
		{E86E7BA8-08DB-47FC-958A-DC9C349A86B8}.Debug|Any CPU.Build.0 = Debug|Any CPU
		{E86E7BA8-08DB-47FC-958A-DC9C349A86B8}.Debug|x64.ActiveCfg = Debug|Any CPU
		{E86E7BA8-08DB-47FC-958A-DC9C349A86B8}.Debug|x64.Build.0 = Debug|Any CPU
		{E86E7BA8-08DB-47FC-958A-DC9C349A86B8}.Debug|x86.ActiveCfg = Debug|Any CPU
		{E86E7BA8-08DB-47FC-958A-DC9C349A86B8}.Debug|x86.Build.0 = Debug|Any CPU
		{E86E7BA8-08DB-47FC-958A-DC9C349A86B8}.Release|Any CPU.ActiveCfg = Release|Any CPU
		{E86E7BA8-08DB-47FC-958A-DC9C349A86B8}.Release|Any CPU.Build.0 = Release|Any CPU
		{E86E7BA8-08DB-47FC-958A-DC9C349A86B8}.Release|x64.ActiveCfg = Release|Any CPU
		{E86E7BA8-08DB-47FC-958A-DC9C349A86B8}.Release|x64.Build.0 = Release|Any CPU
		{E86E7BA8-08DB-47FC-958A-DC9C349A86B8}.Release|x86.ActiveCfg = Release|Any CPU
		{E86E7BA8-08DB-47FC-958A-DC9C349A86B8}.Release|x86.Build.0 = Release|Any CPU
		{A058786B-41F2-4C4E-AE6B-8410B277BD07}.Debug|Any CPU.ActiveCfg = Debug|Any CPU
		{A058786B-41F2-4C4E-AE6B-8410B277BD07}.Debug|Any CPU.Build.0 = Debug|Any CPU
		{A058786B-41F2-4C4E-AE6B-8410B277BD07}.Debug|x64.ActiveCfg = Debug|Any CPU
		{A058786B-41F2-4C4E-AE6B-8410B277BD07}.Debug|x64.Build.0 = Debug|Any CPU
		{A058786B-41F2-4C4E-AE6B-8410B277BD07}.Debug|x86.ActiveCfg = Debug|Any CPU
		{A058786B-41F2-4C4E-AE6B-8410B277BD07}.Debug|x86.Build.0 = Debug|Any CPU
		{A058786B-41F2-4C4E-AE6B-8410B277BD07}.Release|Any CPU.ActiveCfg = Release|Any CPU
		{A058786B-41F2-4C4E-AE6B-8410B277BD07}.Release|Any CPU.Build.0 = Release|Any CPU
		{A058786B-41F2-4C4E-AE6B-8410B277BD07}.Release|x64.ActiveCfg = Release|Any CPU
		{A058786B-41F2-4C4E-AE6B-8410B277BD07}.Release|x64.Build.0 = Release|Any CPU
		{A058786B-41F2-4C4E-AE6B-8410B277BD07}.Release|x86.ActiveCfg = Release|Any CPU
		{A058786B-41F2-4C4E-AE6B-8410B277BD07}.Release|x86.Build.0 = Release|Any CPU
		{0AEAAE2F-083E-427E-B267-62D64EC5F6EE}.Debug|Any CPU.ActiveCfg = Debug|Any CPU
		{0AEAAE2F-083E-427E-B267-62D64EC5F6EE}.Debug|Any CPU.Build.0 = Debug|Any CPU
		{0AEAAE2F-083E-427E-B267-62D64EC5F6EE}.Debug|x64.ActiveCfg = Debug|Any CPU
		{0AEAAE2F-083E-427E-B267-62D64EC5F6EE}.Debug|x64.Build.0 = Debug|Any CPU
		{0AEAAE2F-083E-427E-B267-62D64EC5F6EE}.Debug|x86.ActiveCfg = Debug|Any CPU
		{0AEAAE2F-083E-427E-B267-62D64EC5F6EE}.Debug|x86.Build.0 = Debug|Any CPU
		{0AEAAE2F-083E-427E-B267-62D64EC5F6EE}.Release|Any CPU.ActiveCfg = Release|Any CPU
		{0AEAAE2F-083E-427E-B267-62D64EC5F6EE}.Release|Any CPU.Build.0 = Release|Any CPU
		{0AEAAE2F-083E-427E-B267-62D64EC5F6EE}.Release|x64.ActiveCfg = Release|Any CPU
		{0AEAAE2F-083E-427E-B267-62D64EC5F6EE}.Release|x64.Build.0 = Release|Any CPU
		{0AEAAE2F-083E-427E-B267-62D64EC5F6EE}.Release|x86.ActiveCfg = Release|Any CPU
		{0AEAAE2F-083E-427E-B267-62D64EC5F6EE}.Release|x86.Build.0 = Release|Any CPU
		{D030100B-7A8E-441D-B00F-438ABB49D9E2}.Debug|Any CPU.ActiveCfg = Debug|Any CPU
		{D030100B-7A8E-441D-B00F-438ABB49D9E2}.Debug|Any CPU.Build.0 = Debug|Any CPU
		{D030100B-7A8E-441D-B00F-438ABB49D9E2}.Debug|x64.ActiveCfg = Debug|Any CPU
		{D030100B-7A8E-441D-B00F-438ABB49D9E2}.Debug|x64.Build.0 = Debug|Any CPU
		{D030100B-7A8E-441D-B00F-438ABB49D9E2}.Debug|x86.ActiveCfg = Debug|Any CPU
		{D030100B-7A8E-441D-B00F-438ABB49D9E2}.Debug|x86.Build.0 = Debug|Any CPU
		{D030100B-7A8E-441D-B00F-438ABB49D9E2}.Release|Any CPU.ActiveCfg = Release|Any CPU
		{D030100B-7A8E-441D-B00F-438ABB49D9E2}.Release|Any CPU.Build.0 = Release|Any CPU
		{D030100B-7A8E-441D-B00F-438ABB49D9E2}.Release|x64.ActiveCfg = Release|Any CPU
		{D030100B-7A8E-441D-B00F-438ABB49D9E2}.Release|x64.Build.0 = Release|Any CPU
		{D030100B-7A8E-441D-B00F-438ABB49D9E2}.Release|x86.ActiveCfg = Release|Any CPU
		{D030100B-7A8E-441D-B00F-438ABB49D9E2}.Release|x86.Build.0 = Release|Any CPU
		{C12C226D-4566-4EEC-9959-540D5F517AB2}.Debug|Any CPU.ActiveCfg = Debug|Any CPU
		{C12C226D-4566-4EEC-9959-540D5F517AB2}.Debug|Any CPU.Build.0 = Debug|Any CPU
		{C12C226D-4566-4EEC-9959-540D5F517AB2}.Debug|x64.ActiveCfg = Debug|Any CPU
		{C12C226D-4566-4EEC-9959-540D5F517AB2}.Debug|x64.Build.0 = Debug|Any CPU
		{C12C226D-4566-4EEC-9959-540D5F517AB2}.Debug|x86.ActiveCfg = Debug|Any CPU
		{C12C226D-4566-4EEC-9959-540D5F517AB2}.Debug|x86.Build.0 = Debug|Any CPU
		{C12C226D-4566-4EEC-9959-540D5F517AB2}.Release|Any CPU.ActiveCfg = Release|Any CPU
		{C12C226D-4566-4EEC-9959-540D5F517AB2}.Release|Any CPU.Build.0 = Release|Any CPU
		{C12C226D-4566-4EEC-9959-540D5F517AB2}.Release|x64.ActiveCfg = Release|Any CPU
		{C12C226D-4566-4EEC-9959-540D5F517AB2}.Release|x64.Build.0 = Release|Any CPU
		{C12C226D-4566-4EEC-9959-540D5F517AB2}.Release|x86.ActiveCfg = Release|Any CPU
		{C12C226D-4566-4EEC-9959-540D5F517AB2}.Release|x86.Build.0 = Release|Any CPU
		{CD1CD93A-E663-4A49-9D1A-C3F246FF7A59}.Debug|Any CPU.ActiveCfg = Debug|Any CPU
		{CD1CD93A-E663-4A49-9D1A-C3F246FF7A59}.Debug|Any CPU.Build.0 = Debug|Any CPU
		{CD1CD93A-E663-4A49-9D1A-C3F246FF7A59}.Debug|x64.ActiveCfg = Debug|Any CPU
		{CD1CD93A-E663-4A49-9D1A-C3F246FF7A59}.Debug|x64.Build.0 = Debug|Any CPU
		{CD1CD93A-E663-4A49-9D1A-C3F246FF7A59}.Debug|x86.ActiveCfg = Debug|Any CPU
		{CD1CD93A-E663-4A49-9D1A-C3F246FF7A59}.Debug|x86.Build.0 = Debug|Any CPU
		{CD1CD93A-E663-4A49-9D1A-C3F246FF7A59}.Release|Any CPU.ActiveCfg = Release|Any CPU
		{CD1CD93A-E663-4A49-9D1A-C3F246FF7A59}.Release|Any CPU.Build.0 = Release|Any CPU
		{CD1CD93A-E663-4A49-9D1A-C3F246FF7A59}.Release|x64.ActiveCfg = Release|Any CPU
		{CD1CD93A-E663-4A49-9D1A-C3F246FF7A59}.Release|x64.Build.0 = Release|Any CPU
		{CD1CD93A-E663-4A49-9D1A-C3F246FF7A59}.Release|x86.ActiveCfg = Release|Any CPU
		{CD1CD93A-E663-4A49-9D1A-C3F246FF7A59}.Release|x86.Build.0 = Release|Any CPU
		{9621F583-CC67-4059-AED3-DABE4A1438E6}.Debug|Any CPU.ActiveCfg = Debug|Any CPU
		{9621F583-CC67-4059-AED3-DABE4A1438E6}.Debug|Any CPU.Build.0 = Debug|Any CPU
		{9621F583-CC67-4059-AED3-DABE4A1438E6}.Debug|x64.ActiveCfg = Debug|Any CPU
		{9621F583-CC67-4059-AED3-DABE4A1438E6}.Debug|x64.Build.0 = Debug|Any CPU
		{9621F583-CC67-4059-AED3-DABE4A1438E6}.Debug|x86.ActiveCfg = Debug|Any CPU
		{9621F583-CC67-4059-AED3-DABE4A1438E6}.Debug|x86.Build.0 = Debug|Any CPU
		{9621F583-CC67-4059-AED3-DABE4A1438E6}.Release|Any CPU.ActiveCfg = Release|Any CPU
		{9621F583-CC67-4059-AED3-DABE4A1438E6}.Release|Any CPU.Build.0 = Release|Any CPU
		{9621F583-CC67-4059-AED3-DABE4A1438E6}.Release|x64.ActiveCfg = Release|Any CPU
		{9621F583-CC67-4059-AED3-DABE4A1438E6}.Release|x64.Build.0 = Release|Any CPU
		{9621F583-CC67-4059-AED3-DABE4A1438E6}.Release|x86.ActiveCfg = Release|Any CPU
		{9621F583-CC67-4059-AED3-DABE4A1438E6}.Release|x86.Build.0 = Release|Any CPU
		{E545B9A4-428C-418F-8B73-AC4A98FD4997}.Debug|Any CPU.ActiveCfg = Debug|Any CPU
		{E545B9A4-428C-418F-8B73-AC4A98FD4997}.Debug|Any CPU.Build.0 = Debug|Any CPU
		{E545B9A4-428C-418F-8B73-AC4A98FD4997}.Debug|x64.ActiveCfg = Debug|Any CPU
		{E545B9A4-428C-418F-8B73-AC4A98FD4997}.Debug|x64.Build.0 = Debug|Any CPU
		{E545B9A4-428C-418F-8B73-AC4A98FD4997}.Debug|x86.ActiveCfg = Debug|Any CPU
		{E545B9A4-428C-418F-8B73-AC4A98FD4997}.Debug|x86.Build.0 = Debug|Any CPU
		{E545B9A4-428C-418F-8B73-AC4A98FD4997}.Release|Any CPU.ActiveCfg = Release|Any CPU
		{E545B9A4-428C-418F-8B73-AC4A98FD4997}.Release|Any CPU.Build.0 = Release|Any CPU
		{E545B9A4-428C-418F-8B73-AC4A98FD4997}.Release|x64.ActiveCfg = Release|Any CPU
		{E545B9A4-428C-418F-8B73-AC4A98FD4997}.Release|x64.Build.0 = Release|Any CPU
		{E545B9A4-428C-418F-8B73-AC4A98FD4997}.Release|x86.ActiveCfg = Release|Any CPU
		{E545B9A4-428C-418F-8B73-AC4A98FD4997}.Release|x86.Build.0 = Release|Any CPU
		{D9C32D42-AA18-44BF-B9B4-2B5E7D4F8904}.Debug|Any CPU.ActiveCfg = Debug|Any CPU
		{D9C32D42-AA18-44BF-B9B4-2B5E7D4F8904}.Debug|Any CPU.Build.0 = Debug|Any CPU
		{D9C32D42-AA18-44BF-B9B4-2B5E7D4F8904}.Debug|x64.ActiveCfg = Debug|Any CPU
		{D9C32D42-AA18-44BF-B9B4-2B5E7D4F8904}.Debug|x64.Build.0 = Debug|Any CPU
		{D9C32D42-AA18-44BF-B9B4-2B5E7D4F8904}.Debug|x86.ActiveCfg = Debug|Any CPU
		{D9C32D42-AA18-44BF-B9B4-2B5E7D4F8904}.Debug|x86.Build.0 = Debug|Any CPU
		{D9C32D42-AA18-44BF-B9B4-2B5E7D4F8904}.Release|Any CPU.ActiveCfg = Release|Any CPU
		{D9C32D42-AA18-44BF-B9B4-2B5E7D4F8904}.Release|Any CPU.Build.0 = Release|Any CPU
		{D9C32D42-AA18-44BF-B9B4-2B5E7D4F8904}.Release|x64.ActiveCfg = Release|Any CPU
		{D9C32D42-AA18-44BF-B9B4-2B5E7D4F8904}.Release|x64.Build.0 = Release|Any CPU
		{D9C32D42-AA18-44BF-B9B4-2B5E7D4F8904}.Release|x86.ActiveCfg = Release|Any CPU
		{D9C32D42-AA18-44BF-B9B4-2B5E7D4F8904}.Release|x86.Build.0 = Release|Any CPU
		{7A438BFA-5F0F-4C43-8AF3-05414F14AF67}.Debug|Any CPU.ActiveCfg = Debug|Any CPU
		{7A438BFA-5F0F-4C43-8AF3-05414F14AF67}.Debug|Any CPU.Build.0 = Debug|Any CPU
		{7A438BFA-5F0F-4C43-8AF3-05414F14AF67}.Debug|x64.ActiveCfg = Debug|Any CPU
		{7A438BFA-5F0F-4C43-8AF3-05414F14AF67}.Debug|x64.Build.0 = Debug|Any CPU
		{7A438BFA-5F0F-4C43-8AF3-05414F14AF67}.Debug|x86.ActiveCfg = Debug|Any CPU
		{7A438BFA-5F0F-4C43-8AF3-05414F14AF67}.Debug|x86.Build.0 = Debug|Any CPU
		{7A438BFA-5F0F-4C43-8AF3-05414F14AF67}.Release|Any CPU.ActiveCfg = Release|Any CPU
		{7A438BFA-5F0F-4C43-8AF3-05414F14AF67}.Release|Any CPU.Build.0 = Release|Any CPU
		{7A438BFA-5F0F-4C43-8AF3-05414F14AF67}.Release|x64.ActiveCfg = Release|Any CPU
		{7A438BFA-5F0F-4C43-8AF3-05414F14AF67}.Release|x64.Build.0 = Release|Any CPU
		{7A438BFA-5F0F-4C43-8AF3-05414F14AF67}.Release|x86.ActiveCfg = Release|Any CPU
		{7A438BFA-5F0F-4C43-8AF3-05414F14AF67}.Release|x86.Build.0 = Release|Any CPU
		{0A7C077D-0843-4D94-8FB0-84AAC041DEF5}.Debug|Any CPU.ActiveCfg = Debug|Any CPU
		{0A7C077D-0843-4D94-8FB0-84AAC041DEF5}.Debug|Any CPU.Build.0 = Debug|Any CPU
		{0A7C077D-0843-4D94-8FB0-84AAC041DEF5}.Debug|x64.ActiveCfg = Debug|Any CPU
		{0A7C077D-0843-4D94-8FB0-84AAC041DEF5}.Debug|x64.Build.0 = Debug|Any CPU
		{0A7C077D-0843-4D94-8FB0-84AAC041DEF5}.Debug|x86.ActiveCfg = Debug|Any CPU
		{0A7C077D-0843-4D94-8FB0-84AAC041DEF5}.Debug|x86.Build.0 = Debug|Any CPU
		{0A7C077D-0843-4D94-8FB0-84AAC041DEF5}.Release|Any CPU.ActiveCfg = Release|Any CPU
		{0A7C077D-0843-4D94-8FB0-84AAC041DEF5}.Release|Any CPU.Build.0 = Release|Any CPU
		{0A7C077D-0843-4D94-8FB0-84AAC041DEF5}.Release|x64.ActiveCfg = Release|Any CPU
		{0A7C077D-0843-4D94-8FB0-84AAC041DEF5}.Release|x64.Build.0 = Release|Any CPU
		{0A7C077D-0843-4D94-8FB0-84AAC041DEF5}.Release|x86.ActiveCfg = Release|Any CPU
		{0A7C077D-0843-4D94-8FB0-84AAC041DEF5}.Release|x86.Build.0 = Release|Any CPU
		{FEF8F547-F9D1-44E4-9D96-144CBE072860}.Debug|Any CPU.ActiveCfg = Debug|Any CPU
		{FEF8F547-F9D1-44E4-9D96-144CBE072860}.Debug|Any CPU.Build.0 = Debug|Any CPU
		{FEF8F547-F9D1-44E4-9D96-144CBE072860}.Debug|x64.ActiveCfg = Debug|Any CPU
		{FEF8F547-F9D1-44E4-9D96-144CBE072860}.Debug|x64.Build.0 = Debug|Any CPU
		{FEF8F547-F9D1-44E4-9D96-144CBE072860}.Debug|x86.ActiveCfg = Debug|Any CPU
		{FEF8F547-F9D1-44E4-9D96-144CBE072860}.Debug|x86.Build.0 = Debug|Any CPU
		{FEF8F547-F9D1-44E4-9D96-144CBE072860}.Release|Any CPU.ActiveCfg = Release|Any CPU
		{FEF8F547-F9D1-44E4-9D96-144CBE072860}.Release|Any CPU.Build.0 = Release|Any CPU
		{FEF8F547-F9D1-44E4-9D96-144CBE072860}.Release|x64.ActiveCfg = Release|Any CPU
		{FEF8F547-F9D1-44E4-9D96-144CBE072860}.Release|x64.Build.0 = Release|Any CPU
		{FEF8F547-F9D1-44E4-9D96-144CBE072860}.Release|x86.ActiveCfg = Release|Any CPU
		{FEF8F547-F9D1-44E4-9D96-144CBE072860}.Release|x86.Build.0 = Release|Any CPU
		{06EB1601-3768-4BCE-852C-E6EAB3C38E4E}.Debug|Any CPU.ActiveCfg = Debug|Any CPU
		{06EB1601-3768-4BCE-852C-E6EAB3C38E4E}.Debug|Any CPU.Build.0 = Debug|Any CPU
		{06EB1601-3768-4BCE-852C-E6EAB3C38E4E}.Debug|x64.ActiveCfg = Debug|Any CPU
		{06EB1601-3768-4BCE-852C-E6EAB3C38E4E}.Debug|x64.Build.0 = Debug|Any CPU
		{06EB1601-3768-4BCE-852C-E6EAB3C38E4E}.Debug|x86.ActiveCfg = Debug|Any CPU
		{06EB1601-3768-4BCE-852C-E6EAB3C38E4E}.Debug|x86.Build.0 = Debug|Any CPU
		{06EB1601-3768-4BCE-852C-E6EAB3C38E4E}.Release|Any CPU.ActiveCfg = Release|Any CPU
		{06EB1601-3768-4BCE-852C-E6EAB3C38E4E}.Release|Any CPU.Build.0 = Release|Any CPU
		{06EB1601-3768-4BCE-852C-E6EAB3C38E4E}.Release|x64.ActiveCfg = Release|Any CPU
		{06EB1601-3768-4BCE-852C-E6EAB3C38E4E}.Release|x64.Build.0 = Release|Any CPU
		{06EB1601-3768-4BCE-852C-E6EAB3C38E4E}.Release|x86.ActiveCfg = Release|Any CPU
		{06EB1601-3768-4BCE-852C-E6EAB3C38E4E}.Release|x86.Build.0 = Release|Any CPU
		{4B80F4B5-F796-41F2-AD18-D708DB5CE57F}.Debug|Any CPU.ActiveCfg = Debug|Any CPU
		{4B80F4B5-F796-41F2-AD18-D708DB5CE57F}.Debug|Any CPU.Build.0 = Debug|Any CPU
		{4B80F4B5-F796-41F2-AD18-D708DB5CE57F}.Debug|x64.ActiveCfg = Debug|Any CPU
		{4B80F4B5-F796-41F2-AD18-D708DB5CE57F}.Debug|x64.Build.0 = Debug|Any CPU
		{4B80F4B5-F796-41F2-AD18-D708DB5CE57F}.Debug|x86.ActiveCfg = Debug|Any CPU
		{4B80F4B5-F796-41F2-AD18-D708DB5CE57F}.Debug|x86.Build.0 = Debug|Any CPU
		{4B80F4B5-F796-41F2-AD18-D708DB5CE57F}.Release|Any CPU.ActiveCfg = Release|Any CPU
		{4B80F4B5-F796-41F2-AD18-D708DB5CE57F}.Release|Any CPU.Build.0 = Release|Any CPU
		{4B80F4B5-F796-41F2-AD18-D708DB5CE57F}.Release|x64.ActiveCfg = Release|Any CPU
		{4B80F4B5-F796-41F2-AD18-D708DB5CE57F}.Release|x64.Build.0 = Release|Any CPU
		{4B80F4B5-F796-41F2-AD18-D708DB5CE57F}.Release|x86.ActiveCfg = Release|Any CPU
		{4B80F4B5-F796-41F2-AD18-D708DB5CE57F}.Release|x86.Build.0 = Release|Any CPU
		{B718D7A9-E071-4C2B-8C8D-378904729CD3}.Debug|Any CPU.ActiveCfg = Debug|Any CPU
		{B718D7A9-E071-4C2B-8C8D-378904729CD3}.Debug|Any CPU.Build.0 = Debug|Any CPU
		{B718D7A9-E071-4C2B-8C8D-378904729CD3}.Debug|x64.ActiveCfg = Debug|Any CPU
		{B718D7A9-E071-4C2B-8C8D-378904729CD3}.Debug|x64.Build.0 = Debug|Any CPU
		{B718D7A9-E071-4C2B-8C8D-378904729CD3}.Debug|x86.ActiveCfg = Debug|Any CPU
		{B718D7A9-E071-4C2B-8C8D-378904729CD3}.Debug|x86.Build.0 = Debug|Any CPU
		{B718D7A9-E071-4C2B-8C8D-378904729CD3}.Release|Any CPU.ActiveCfg = Release|Any CPU
		{B718D7A9-E071-4C2B-8C8D-378904729CD3}.Release|Any CPU.Build.0 = Release|Any CPU
		{B718D7A9-E071-4C2B-8C8D-378904729CD3}.Release|x64.ActiveCfg = Release|Any CPU
		{B718D7A9-E071-4C2B-8C8D-378904729CD3}.Release|x64.Build.0 = Release|Any CPU
		{B718D7A9-E071-4C2B-8C8D-378904729CD3}.Release|x86.ActiveCfg = Release|Any CPU
		{B718D7A9-E071-4C2B-8C8D-378904729CD3}.Release|x86.Build.0 = Release|Any CPU
	EndGlobalSection
	GlobalSection(SolutionProperties) = preSolution
		HideSolutionNode = FALSE
	EndGlobalSection
	GlobalSection(NestedProjects) = preSolution
		{0371B5A6-B885-6B3C-A4B4-EAC08D2B923D} = {827E0CD3-B72D-47B6-A68D-7590B98EB39B}
		{302D084C-F3ED-4625-8EC2-1FCE10DF0FB7} = {0371B5A6-B885-6B3C-A4B4-EAC08D2B923D}
		{C7E769CB-2BE9-2587-9A45-EDACB01852C9} = {0AB3BF05-4346-4AA6-1389-037BE0695223}
		{A72F1268-1BDE-4ED7-A2B6-1C88F9B95738} = {C7E769CB-2BE9-2587-9A45-EDACB01852C9}
		{E65B1584-EF32-63C8-7659-36C0AA9EB05C} = {0AB3BF05-4346-4AA6-1389-037BE0695223}
		{5DF291D4-FF10-48A9-AC0F-5310AC5476D5} = {E65B1584-EF32-63C8-7659-36C0AA9EB05C}
		{9FF866DB-BAD7-464C-A56C-08E7597D45C9} = {0AB3BF05-4346-4AA6-1389-037BE0695223}
		{DB8BAA58-4DDF-4798-BA60-3F843BDB9FF7} = {9FF866DB-BAD7-464C-A56C-08E7597D45C9}
		{51C8D0F3-ED88-4116-BAE5-81B76E306383} = {0AB3BF05-4346-4AA6-1389-037BE0695223}
		{B8F6C007-A36B-44E0-A2E9-F3317C6D8A6F} = {51C8D0F3-ED88-4116-BAE5-81B76E306383}
		{91766C11-CD66-1824-24BA-621481291DCD} = {827E0CD3-B72D-47B6-A68D-7590B98EB39B}
		{F1E547F7-22EC-4C5D-9A52-F7E907A0E4A2} = {91766C11-CD66-1824-24BA-621481291DCD}
		{D1CFE296-DED7-DA51-9162-0952BD213D14} = {0AB3BF05-4346-4AA6-1389-037BE0695223}
		{CD830E68-CF0C-4B8E-903E-268B1D0F0D1D} = {D1CFE296-DED7-DA51-9162-0952BD213D14}
		{CC046DA9-9912-34FD-339F-791591FAFE11} = {827E0CD3-B72D-47B6-A68D-7590B98EB39B}
		{EB8956E9-FBF0-4090-AD66-18DF7B323D53} = {CC046DA9-9912-34FD-339F-791591FAFE11}
		{6F2939AB-C0C2-68C1-9E78-20613DE4461E} = {0AB3BF05-4346-4AA6-1389-037BE0695223}
		{6D2021BC-8D30-4FE4-885C-64CEF7383B36} = {6F2939AB-C0C2-68C1-9E78-20613DE4461E}
		{E86E7BA8-08DB-47FC-958A-DC9C349A86B8} = {827E0CD3-B72D-47B6-A68D-7590B98EB39B}
		{A058786B-41F2-4C4E-AE6B-8410B277BD07} = {0AB3BF05-4346-4AA6-1389-037BE0695223}
		{0AEAAE2F-083E-427E-B267-62D64EC5F6EE} = {827E0CD3-B72D-47B6-A68D-7590B98EB39B}
		{D030100B-7A8E-441D-B00F-438ABB49D9E2} = {0AB3BF05-4346-4AA6-1389-037BE0695223}
		{D6604CE9-0C60-BF10-AEE0-778E201B8B08} = {827E0CD3-B72D-47B6-A68D-7590B98EB39B}
		{C12C226D-4566-4EEC-9959-540D5F517AB2} = {D6604CE9-0C60-BF10-AEE0-778E201B8B08}
		{0CEB326C-1781-D986-2E1D-A56D45A6A378} = {827E0CD3-B72D-47B6-A68D-7590B98EB39B}
		{EC0AE37B-42FE-3786-533F-760669F80219} = {827E0CD3-B72D-47B6-A68D-7590B98EB39B}
		{E5F3BAAB-3273-16D4-B92F-C83B923D1772} = {0AB3BF05-4346-4AA6-1389-037BE0695223}
		{CD1CD93A-E663-4A49-9D1A-C3F246FF7A59} = {E5F3BAAB-3273-16D4-B92F-C83B923D1772}
		{9621F583-CC67-4059-AED3-DABE4A1438E6} = {827E0CD3-B72D-47B6-A68D-7590B98EB39B}
		{E545B9A4-428C-418F-8B73-AC4A98FD4997} = {0AB3BF05-4346-4AA6-1389-037BE0695223}
		{D9C32D42-AA18-44BF-B9B4-2B5E7D4F8904} = {827E0CD3-B72D-47B6-A68D-7590B98EB39B}
		{7A438BFA-5F0F-4C43-8AF3-05414F14AF67} = {0AB3BF05-4346-4AA6-1389-037BE0695223}
		{FC2E5359-CDB3-770B-817D-733BFE2A8445} = {0AB3BF05-4346-4AA6-1389-037BE0695223}
		{0A7C077D-0843-4D94-8FB0-84AAC041DEF5} = {FC2E5359-CDB3-770B-817D-733BFE2A8445}
		{778427DF-EB2C-5228-964E-6D535DE253CA} = {827E0CD3-B72D-47B6-A68D-7590B98EB39B}
		{8D9F28D9-347B-575A-2CFA-4704041EA9C2} = {827E0CD3-B72D-47B6-A68D-7590B98EB39B}
		{81F775C6-30B7-0CD0-D0B6-8D305DDA61B2} = {0AB3BF05-4346-4AA6-1389-037BE0695223}
		{13055E78-F142-F3CA-87BE-B5BA74CE81C6} = {0AB3BF05-4346-4AA6-1389-037BE0695223}
		{0B812A3B-3FEC-7BCC-497B-D8032189E326} = {0AB3BF05-4346-4AA6-1389-037BE0695223}
		{9CE5D985-A9D4-6209-D273-0BD067A5FDB2} = {0AB3BF05-4346-4AA6-1389-037BE0695223}
		{FEF8F547-F9D1-44E4-9D96-144CBE072860} = {7605D696-EC5D-46E5-91E3-789CE864A1AE}
		{7605D696-EC5D-46E5-91E3-789CE864A1AE} = {0AB3BF05-4346-4AA6-1389-037BE0695223}
		{06EB1601-3768-4BCE-852C-E6EAB3C38E4E} = {0AB3BF05-4346-4AA6-1389-037BE0695223}
		{4B80F4B5-F796-41F2-AD18-D708DB5CE57F} = {0AB3BF05-4346-4AA6-1389-037BE0695223}
		{B718D7A9-E071-4C2B-8C8D-378904729CD3} = {5D20AA90-6969-D8BD-9DCD-8634F4692FDA}
	EndGlobalSection
EndGlobal
